
Microsoft Visual Studio Solution File, Format Version 12.00
# Visual Studio Version 16
VisualStudioVersion = 16.0.28803.202
MinimumVisualStudioVersion = 10.0.40219.1
Project("{FAE04EC0-301F-11D3-BF4B-00C04F79EFBC}") = "Scoopers", "Scoopers\Scoopers.csproj", "{D52AF296-D528-4251-B016-C6FF0498B5F7}"
EndProject
Project("{FAE04EC0-301F-11D3-BF4B-00C04F79EFBC}") = "ScoopersExpansion", "ScoopersExpansion\ScoopersExpansion.csproj", "{12170B00-08A5-4E29-BD72-D8ADB725EBD6}"
EndProject
Global
	GlobalSection(SolutionConfigurationPlatforms) = preSolution
		Debug|Any CPU = Debug|Any CPU
		Release|Any CPU = Release|Any CPU
	EndGlobalSection
	GlobalSection(ProjectConfigurationPlatforms) = postSolution
		{D52AF296-D528-4251-B016-C6FF0498B5F7}.Debug|Any CPU.ActiveCfg = Debug|Any CPU
		{D52AF296-D528-4251-B016-C6FF0498B5F7}.Debug|Any CPU.Build.0 = Debug|Any CPU
		{D52AF296-D528-4251-B016-C6FF0498B5F7}.Release|Any CPU.ActiveCfg = Release|Any CPU
		{D52AF296-D528-4251-B016-C6FF0498B5F7}.Release|Any CPU.Build.0 = Release|Any CPU
		{12170B00-08A5-4E29-BD72-D8ADB725EBD6}.Debug|Any CPU.ActiveCfg = Debug|Any CPU
		{12170B00-08A5-4E29-BD72-D8ADB725EBD6}.Debug|Any CPU.Build.0 = Debug|Any CPU
		{12170B00-08A5-4E29-BD72-D8ADB725EBD6}.Release|Any CPU.ActiveCfg = Release|Any CPU
		{12170B00-08A5-4E29-BD72-D8ADB725EBD6}.Release|Any CPU.Build.0 = Release|Any CPU
	EndGlobalSection
	GlobalSection(SolutionProperties) = preSolution
		HideSolutionNode = FALSE
	EndGlobalSection
	GlobalSection(ExtensibilityGlobals) = postSolution
		SolutionGuid = {05DA3F34-9C5C-440A-9599-3C760EE37BE6}
	EndGlobalSection
EndGlobal
